// !$*UTF8*$!
{
	archiveVersion = 1;
	classes = {
	};
	objectVersion = 55;
	objects = {

/* Begin PBXBuildFile section */
		48F83E16275867D600B1039E /* SwiftUI_KittyNotepadApp.swift in Sources */ = {isa = PBXBuildFile; fileRef = 48F83E15275867D600B1039E /* SwiftUI_KittyNotepadApp.swift */; };
		48F83E18275867D600B1039E /* ContentView.swift in Sources */ = {isa = PBXBuildFile; fileRef = 48F83E17275867D600B1039E /* ContentView.swift */; };
		48F83E1A275867DA00B1039E /* Assets.xcassets in Resources */ = {isa = PBXBuildFile; fileRef = 48F83E19275867DA00B1039E /* Assets.xcassets */; };
		48F83E1D275867DA00B1039E /* Preview Assets.xcassets in Resources */ = {isa = PBXBuildFile; fileRef = 48F83E1C275867DA00B1039E /* Preview Assets.xcassets */; };
		48F83E27275867DA00B1039E /* SwiftUI_KittyNotepadTests.swift in Sources */ = {isa = PBXBuildFile; fileRef = 48F83E26275867DA00B1039E /* SwiftUI_KittyNotepadTests.swift */; };
		48F83E31275867DA00B1039E /* SwiftUI_KittyNotepadUITests.swift in Sources */ = {isa = PBXBuildFile; fileRef = 48F83E30275867DA00B1039E /* SwiftUI_KittyNotepadUITests.swift */; };
		48F83E33275867DA00B1039E /* SwiftUI_KittyNotepadUITestsLaunchTests.swift in Sources */ = {isa = PBXBuildFile; fileRef = 48F83E32275867DA00B1039E /* SwiftUI_KittyNotepadUITestsLaunchTests.swift */; };
/* End PBXBuildFile section */

/* Begin PBXContainerItemProxy section */
		48F83E23275867DA00B1039E /* PBXContainerItemProxy */ = {
			isa = PBXContainerItemProxy;
			containerPortal = 48F83E0A275867D600B1039E /* Project object */;
			proxyType = 1;
			remoteGlobalIDString = 48F83E11275867D600B1039E;
			remoteInfo = SwiftUI_KittyNotepad;
		};
		48F83E2D275867DA00B1039E /* PBXContainerItemProxy */ = {
			isa = PBXContainerItemProxy;
			containerPortal = 48F83E0A275867D600B1039E /* Project object */;
			proxyType = 1;
			remoteGlobalIDString = 48F83E11275867D600B1039E;
			remoteInfo = SwiftUI_KittyNotepad;
		};
/* End PBXContainerItemProxy section */

/* Begin PBXFileReference section */
		48F83E12275867D600B1039E /* SwiftUI_KittyNotepad.app */ = {isa = PBXFileReference; explicitFileType = wrapper.application; includeInIndex = 0; path = SwiftUI_KittyNotepad.app; sourceTree = BUILT_PRODUCTS_DIR; };
		48F83E15275867D600B1039E /* SwiftUI_KittyNotepadApp.swift */ = {isa = PBXFileReference; lastKnownFileType = sourcecode.swift; path = SwiftUI_KittyNotepadApp.swift; sourceTree = "<group>"; };
		48F83E17275867D600B1039E /* ContentView.swift */ = {isa = PBXFileReference; lastKnownFileType = sourcecode.swift; path = ContentView.swift; sourceTree = "<group>"; };
		48F83E19275867DA00B1039E /* Assets.xcassets */ = {isa = PBXFileReference; lastKnownFileType = folder.assetcatalog; path = Assets.xcassets; sourceTree = "<group>"; };
		48F83E1C275867DA00B1039E /* Preview Assets.xcassets */ = {isa = PBXFileReference; lastKnownFileType = folder.assetcatalog; path = "Preview Assets.xcassets"; sourceTree = "<group>"; };
		48F83E22275867DA00B1039E /* SwiftUI_KittyNotepadTests.xctest */ = {isa = PBXFileReference; explicitFileType = wrapper.cfbundle; includeInIndex = 0; path = SwiftUI_KittyNotepadTests.xctest; sourceTree = BUILT_PRODUCTS_DIR; };
		48F83E26275867DA00B1039E /* SwiftUI_KittyNotepadTests.swift */ = {isa = PBXFileReference; lastKnownFileType = sourcecode.swift; path = SwiftUI_KittyNotepadTests.swift; sourceTree = "<group>"; };
		48F83E2C275867DA00B1039E /* SwiftUI_KittyNotepadUITests.xctest */ = {isa = PBXFileReference; explicitFileType = wrapper.cfbundle; includeInIndex = 0; path = SwiftUI_KittyNotepadUITests.xctest; sourceTree = BUILT_PRODUCTS_DIR; };
		48F83E30275867DA00B1039E /* SwiftUI_KittyNotepadUITests.swift */ = {isa = PBXFileReference; lastKnownFileType = sourcecode.swift; path = SwiftUI_KittyNotepadUITests.swift; sourceTree = "<group>"; };
		48F83E32275867DA00B1039E /* SwiftUI_KittyNotepadUITestsLaunchTests.swift */ = {isa = PBXFileReference; lastKnownFileType = sourcecode.swift; path = SwiftUI_KittyNotepadUITestsLaunchTests.swift; sourceTree = "<group>"; };
/* End PBXFileReference section */

/* Begin PBXFrameworksBuildPhase section */
		48F83E0F275867D600B1039E /* Frameworks */ = {
			isa = PBXFrameworksBuildPhase;
			buildActionMask = 2147483647;
			files = (
			);
			runOnlyForDeploymentPostprocessing = 0;
		};
		48F83E1F275867DA00B1039E /* Frameworks */ = {
			isa = PBXFrameworksBuildPhase;
			buildActionMask = 2147483647;
			files = (
			);
			runOnlyForDeploymentPostprocessing = 0;
		};
		48F83E29275867DA00B1039E /* Frameworks */ = {
			isa = PBXFrameworksBuildPhase;
			buildActionMask = 2147483647;
			files = (
			);
			runOnlyForDeploymentPostprocessing = 0;
		};
/* End PBXFrameworksBuildPhase section */

/* Begin PBXGroup section */
		48F83E09275867D600B1039E = {
			isa = PBXGroup;
			children = (
				48F83E14275867D600B1039E /* SwiftUI_KittyNotepad */,
				48F83E25275867DA00B1039E /* SwiftUI_KittyNotepadTests */,
				48F83E2F275867DA00B1039E /* SwiftUI_KittyNotepadUITests */,
				48F83E13275867D600B1039E /* Products */,
			);
			sourceTree = "<group>";
		};
		48F83E13275867D600B1039E /* Products */ = {
			isa = PBXGroup;
			children = (
				48F83E12275867D600B1039E /* SwiftUI_KittyNotepad.app */,
				48F83E22275867DA00B1039E /* SwiftUI_KittyNotepadTests.xctest */,
				48F83E2C275867DA00B1039E /* SwiftUI_KittyNotepadUITests.xctest */,
			);
			name = Products;
			sourceTree = "<group>";
		};
		48F83E14275867D600B1039E /* SwiftUI_KittyNotepad */ = {
			isa = PBXGroup;
			children = (
				48F83E15275867D600B1039E /* SwiftUI_KittyNotepadApp.swift */,
				48F83E17275867D600B1039E /* ContentView.swift */,
				48F83E19275867DA00B1039E /* Assets.xcassets */,
				48F83E1B275867DA00B1039E /* Preview Content */,
			);
			path = SwiftUI_KittyNotepad;
			sourceTree = "<group>";
		};
		48F83E1B275867DA00B1039E /* Preview Content */ = {
			isa = PBXGroup;
			children = (
				48F83E1C275867DA00B1039E /* Preview Assets.xcassets */,
			);
			path = "Preview Content";
			sourceTree = "<group>";
		};
		48F83E25275867DA00B1039E /* SwiftUI_KittyNotepadTests */ = {
			isa = PBXGroup;
			children = (
				48F83E26275867DA00B1039E /* SwiftUI_KittyNotepadTests.swift */,
			);
			path = SwiftUI_KittyNotepadTests;
			sourceTree = "<group>";
		};
		48F83E2F275867DA00B1039E /* SwiftUI_KittyNotepadUITests */ = {
			isa = PBXGroup;
			children = (
				48F83E30275867DA00B1039E /* SwiftUI_KittyNotepadUITests.swift */,
				48F83E32275867DA00B1039E /* SwiftUI_KittyNotepadUITestsLaunchTests.swift */,
			);
			path = SwiftUI_KittyNotepadUITests;
			sourceTree = "<group>";
		};
/* End PBXGroup section */

/* Begin PBXNativeTarget section */
		48F83E11275867D600B1039E /* SwiftUI_KittyNotepad */ = {
			isa = PBXNativeTarget;
			buildConfigurationList = 48F83E36275867DA00B1039E /* Build configuration list for PBXNativeTarget "SwiftUI_KittyNotepad" */;
			buildPhases = (
				48F83E0E275867D600B1039E /* Sources */,
				48F83E0F275867D600B1039E /* Frameworks */,
				48F83E10275867D600B1039E /* Resources */,
			);
			buildRules = (
			);
			dependencies = (
			);
			name = SwiftUI_KittyNotepad;
			productName = SwiftUI_KittyNotepad;
			productReference = 48F83E12275867D600B1039E /* SwiftUI_KittyNotepad.app */;
			productType = "com.apple.product-type.application";
		};
		48F83E21275867DA00B1039E /* SwiftUI_KittyNotepadTests */ = {
			isa = PBXNativeTarget;
			buildConfigurationList = 48F83E39275867DA00B1039E /* Build configuration list for PBXNativeTarget "SwiftUI_KittyNotepadTests" */;
			buildPhases = (
				48F83E1E275867DA00B1039E /* Sources */,
				48F83E1F275867DA00B1039E /* Frameworks */,
				48F83E20275867DA00B1039E /* Resources */,
			);
			buildRules = (
			);
			dependencies = (
				48F83E24275867DA00B1039E /* PBXTargetDependency */,
			);
			name = SwiftUI_KittyNotepadTests;
			productName = SwiftUI_KittyNotepadTests;
			productReference = 48F83E22275867DA00B1039E /* SwiftUI_KittyNotepadTests.xctest */;
			productType = "com.apple.product-type.bundle.unit-test";
		};
		48F83E2B275867DA00B1039E /* SwiftUI_KittyNotepadUITests */ = {
			isa = PBXNativeTarget;
			buildConfigurationList = 48F83E3C275867DA00B1039E /* Build configuration list for PBXNativeTarget "SwiftUI_KittyNotepadUITests" */;
			buildPhases = (
				48F83E28275867DA00B1039E /* Sources */,
				48F83E29275867DA00B1039E /* Frameworks */,
				48F83E2A275867DA00B1039E /* Resources */,
			);
			buildRules = (
			);
			dependencies = (
				48F83E2E275867DA00B1039E /* PBXTargetDependency */,
			);
			name = SwiftUI_KittyNotepadUITests;
			productName = SwiftUI_KittyNotepadUITests;
			productReference = 48F83E2C275867DA00B1039E /* SwiftUI_KittyNotepadUITests.xctest */;
			productType = "com.apple.product-type.bundle.ui-testing";
		};
/* End PBXNativeTarget section */

/* Begin PBXProject section */
		48F83E0A275867D600B1039E /* Project object */ = {
			isa = PBXProject;
			attributes = {
				BuildIndependentTargetsInParallel = 1;
				LastSwiftUpdateCheck = 1300;
				LastUpgradeCheck = 1300;
				TargetAttributes = {
					48F83E11275867D600B1039E = {
						CreatedOnToolsVersion = 13.0;
					};
					48F83E21275867DA00B1039E = {
						CreatedOnToolsVersion = 13.0;
						TestTargetID = 48F83E11275867D600B1039E;
					};
					48F83E2B275867DA00B1039E = {
						CreatedOnToolsVersion = 13.0;
						TestTargetID = 48F83E11275867D600B1039E;
					};
				};
			};
			buildConfigurationList = 48F83E0D275867D600B1039E /* Build configuration list for PBXProject "SwiftUI_KittyNotepad" */;
			compatibilityVersion = "Xcode 13.0";
			developmentRegion = en;
			hasScannedForEncodings = 0;
			knownRegions = (
				en,
				Base,
			);
			mainGroup = 48F83E09275867D600B1039E;
			productRefGroup = 48F83E13275867D600B1039E /* Products */;
			projectDirPath = "";
			projectRoot = "";
			targets = (
				48F83E11275867D600B1039E /* SwiftUI_KittyNotepad */,
				48F83E21275867DA00B1039E /* SwiftUI_KittyNotepadTests */,
				48F83E2B275867DA00B1039E /* SwiftUI_KittyNotepadUITests */,
			);
		};
/* End PBXProject section */

/* Begin PBXResourcesBuildPhase section */
		48F83E10275867D600B1039E /* Resources */ = {
			isa = PBXResourcesBuildPhase;
			buildActionMask = 2147483647;
			files = (
				48F83E1D275867DA00B1039E /* Preview Assets.xcassets in Resources */,
				48F83E1A275867DA00B1039E /* Assets.xcassets in Resources */,
			);
			runOnlyForDeploymentPostprocessing = 0;
		};
		48F83E20275867DA00B1039E /* Resources */ = {
			isa = PBXResourcesBuildPhase;
			buildActionMask = 2147483647;
			files = (
			);
			runOnlyForDeploymentPostprocessing = 0;
		};
		48F83E2A275867DA00B1039E /* Resources */ = {
			isa = PBXResourcesBuildPhase;
			buildActionMask = 2147483647;
			files = (
			);
			runOnlyForDeploymentPostprocessing = 0;
		};
/* End PBXResourcesBuildPhase section */

/* Begin PBXSourcesBuildPhase section */
		48F83E0E275867D600B1039E /* Sources */ = {
			isa = PBXSourcesBuildPhase;
			buildActionMask = 2147483647;
			files = (
				48F83E18275867D600B1039E /* ContentView.swift in Sources */,
				48F83E16275867D600B1039E /* SwiftUI_KittyNotepadApp.swift in Sources */,
			);
			runOnlyForDeploymentPostprocessing = 0;
		};
		48F83E1E275867DA00B1039E /* Sources */ = {
			isa = PBXSourcesBuildPhase;
			buildActionMask = 2147483647;
			files = (
				48F83E27275867DA00B1039E /* SwiftUI_KittyNotepadTests.swift in Sources */,
			);
			runOnlyForDeploymentPostprocessing = 0;
		};
		48F83E28275867DA00B1039E /* Sources */ = {
			isa = PBXSourcesBuildPhase;
			buildActionMask = 2147483647;
			files = (
				48F83E33275867DA00B1039E /* SwiftUI_KittyNotepadUITestsLaunchTests.swift in Sources */,
				48F83E31275867DA00B1039E /* SwiftUI_KittyNotepadUITests.swift in Sources */,
			);
			runOnlyForDeploymentPostprocessing = 0;
		};
/* End PBXSourcesBuildPhase section */

/* Begin PBXTargetDependency section */
		48F83E24275867DA00B1039E /* PBXTargetDependency */ = {
			isa = PBXTargetDependency;
			target = 48F83E11275867D600B1039E /* SwiftUI_KittyNotepad */;
			targetProxy = 48F83E23275867DA00B1039E /* PBXContainerItemProxy */;
		};
		48F83E2E275867DA00B1039E /* PBXTargetDependency */ = {
			isa = PBXTargetDependency;
			target = 48F83E11275867D600B1039E /* SwiftUI_KittyNotepad */;
			targetProxy = 48F83E2D275867DA00B1039E /* PBXContainerItemProxy */;
		};
/* End PBXTargetDependency section */

/* Begin XCBuildConfiguration section */
		48F83E34275867DA00B1039E /* Debug */ = {
			isa = XCBuildConfiguration;
			buildSettings = {
				ALWAYS_SEARCH_USER_PATHS = NO;
				CLANG_ANALYZER_NONNULL = YES;
				CLANG_ANALYZER_NUMBER_OBJECT_CONVERSION = YES_AGGRESSIVE;
				CLANG_CXX_LANGUAGE_STANDARD = "gnu++17";
				CLANG_CXX_LIBRARY = "libc++";
				CLANG_ENABLE_MODULES = YES;
				CLANG_ENABLE_OBJC_ARC = YES;
				CLANG_ENABLE_OBJC_WEAK = YES;
				CLANG_WARN_BLOCK_CAPTURE_AUTORELEASING = YES;
				CLANG_WARN_BOOL_CONVERSION = YES;
				CLANG_WARN_COMMA = YES;
				CLANG_WARN_CONSTANT_CONVERSION = YES;
				CLANG_WARN_DEPRECATED_OBJC_IMPLEMENTATIONS = YES;
				CLANG_WARN_DIRECT_OBJC_ISA_USAGE = YES_ERROR;
				CLANG_WARN_DOCUMENTATION_COMMENTS = YES;
				CLANG_WARN_EMPTY_BODY = YES;
				CLANG_WARN_ENUM_CONVERSION = YES;
				CLANG_WARN_INFINITE_RECURSION = YES;
				CLANG_WARN_INT_CONVERSION = YES;
				CLANG_WARN_NON_LITERAL_NULL_CONVERSION = YES;
				CLANG_WARN_OBJC_IMPLICIT_RETAIN_SELF = YES;
				CLANG_WARN_OBJC_LITERAL_CONVERSION = YES;
				CLANG_WARN_OBJC_ROOT_CLASS = YES_ERROR;
				CLANG_WARN_QUOTED_INCLUDE_IN_FRAMEWORK_HEADER = YES;
				CLANG_WARN_RANGE_LOOP_ANALYSIS = YES;
				CLANG_WARN_STRICT_PROTOTYPES = YES;
				CLANG_WARN_SUSPICIOUS_MOVE = YES;
				CLANG_WARN_UNGUARDED_AVAILABILITY = YES_AGGRESSIVE;
				CLANG_WARN_UNREACHABLE_CODE = YES;
				CLANG_WARN__DUPLICATE_METHOD_MATCH = YES;
				COPY_PHASE_STRIP = NO;
				DEBUG_INFORMATION_FORMAT = dwarf;
				ENABLE_STRICT_OBJC_MSGSEND = YES;
				ENABLE_TESTABILITY = YES;
				GCC_C_LANGUAGE_STANDARD = gnu11;
				GCC_DYNAMIC_NO_PIC = NO;
				GCC_NO_COMMON_BLOCKS = YES;
				GCC_OPTIMIZATION_LEVEL = 0;
				GCC_PREPROCESSOR_DEFINITIONS = (
					"DEBUG=1",
					"$(inherited)",
				);
				GCC_WARN_64_TO_32_BIT_CONVERSION = YES;
				GCC_WARN_ABOUT_RETURN_TYPE = YES_ERROR;
				GCC_WARN_UNDECLARED_SELECTOR = YES;
				GCC_WARN_UNINITIALIZED_AUTOS = YES_AGGRESSIVE;
				GCC_WARN_UNUSED_FUNCTION = YES;
				GCC_WARN_UNUSED_VARIABLE = YES;
				IPHONEOS_DEPLOYMENT_TARGET = 15.0;
				MTL_ENABLE_DEBUG_INFO = INCLUDE_SOURCE;
				MTL_FAST_MATH = YES;
				ONLY_ACTIVE_ARCH = YES;
				SDKROOT = iphoneos;
				SWIFT_ACTIVE_COMPILATION_CONDITIONS = DEBUG;
				SWIFT_OPTIMIZATION_LEVEL = "-Onone";
			};
			name = Debug;
		};
		48F83E35275867DA00B1039E /* Release */ = {
			isa = XCBuildConfiguration;
			buildSettings = {
				ALWAYS_SEARCH_USER_PATHS = NO;
				CLANG_ANALYZER_NONNULL = YES;
				CLANG_ANALYZER_NUMBER_OBJECT_CONVERSION = YES_AGGRESSIVE;
				CLANG_CXX_LANGUAGE_STANDARD = "gnu++17";
				CLANG_CXX_LIBRARY = "libc++";
				CLANG_ENABLE_MODULES = YES;
				CLANG_ENABLE_OBJC_ARC = YES;
				CLANG_ENABLE_OBJC_WEAK = YES;
				CLANG_WARN_BLOCK_CAPTURE_AUTORELEASING = YES;
				CLANG_WARN_BOOL_CONVERSION = YES;
				CLANG_WARN_COMMA = YES;
				CLANG_WARN_CONSTANT_CONVERSION = YES;
				CLANG_WARN_DEPRECATED_OBJC_IMPLEMENTATIONS = YES;
				CLANG_WARN_DIRECT_OBJC_ISA_USAGE = YES_ERROR;
				CLANG_WARN_DOCUMENTATION_COMMENTS = YES;
				CLANG_WARN_EMPTY_BODY = YES;
				CLANG_WARN_ENUM_CONVERSION = YES;
				CLANG_WARN_INFINITE_RECURSION = YES;
				CLANG_WARN_INT_CONVERSION = YES;
				CLANG_WARN_NON_LITERAL_NULL_CONVERSION = YES;
				CLANG_WARN_OBJC_IMPLICIT_RETAIN_SELF = YES;
				CLANG_WARN_OBJC_LITERAL_CONVERSION = YES;
				CLANG_WARN_OBJC_ROOT_CLASS = YES_ERROR;
				CLANG_WARN_QUOTED_INCLUDE_IN_FRAMEWORK_HEADER = YES;
				CLANG_WARN_RANGE_LOOP_ANALYSIS = YES;
				CLANG_WARN_STRICT_PROTOTYPES = YES;
				CLANG_WARN_SUSPICIOUS_MOVE = YES;
				CLANG_WARN_UNGUARDED_AVAILABILITY = YES_AGGRESSIVE;
				CLANG_WARN_UNREACHABLE_CODE = YES;
				CLANG_WARN__DUPLICATE_METHOD_MATCH = YES;
				COPY_PHASE_STRIP = NO;
				DEBUG_INFORMATION_FORMAT = "dwarf-with-dsym";
				ENABLE_NS_ASSERTIONS = NO;
				ENABLE_STRICT_OBJC_MSGSEND = YES;
				GCC_C_LANGUAGE_STANDARD = gnu11;
				GCC_NO_COMMON_BLOCKS = YES;
				GCC_WARN_64_TO_32_BIT_CONVERSION = YES;
				GCC_WARN_ABOUT_RETURN_TYPE = YES_ERROR;
				GCC_WARN_UNDECLARED_SELECTOR = YES;
				GCC_WARN_UNINITIALIZED_AUTOS = YES_AGGRESSIVE;
				GCC_WARN_UNUSED_FUNCTION = YES;
				GCC_WARN_UNUSED_VARIABLE = YES;
				IPHONEOS_DEPLOYMENT_TARGET = 15.0;
				MTL_ENABLE_DEBUG_INFO = NO;
				MTL_FAST_MATH = YES;
				SDKROOT = iphoneos;
				SWIFT_COMPILATION_MODE = wholemodule;
				SWIFT_OPTIMIZATION_LEVEL = "-O";
				VALIDATE_PRODUCT = YES;
			};
			name = Release;
		};
		48F83E37275867DA00B1039E /* Debug */ = {
			isa = XCBuildConfiguration;
			buildSettings = {
				ASSETCATALOG_COMPILER_APPICON_NAME = AppIcon;
				ASSETCATALOG_COMPILER_GLOBAL_ACCENT_COLOR_NAME = AccentColor;
				CODE_SIGN_STYLE = Automatic;
				CURRENT_PROJECT_VERSION = 1;
				DEVELOPMENT_ASSET_PATHS = "\"SwiftUI_KittyNotepad/Preview Content\"";
				ENABLE_PREVIEWS = YES;
				GENERATE_INFOPLIST_FILE = YES;
				INFOPLIST_KEY_UIApplicationSceneManifest_Generation = YES;
				INFOPLIST_KEY_UIApplicationSupportsIndirectInputEvents = YES;
				INFOPLIST_KEY_UILaunchScreen_Generation = YES;
				INFOPLIST_KEY_UISupportedInterfaceOrientations_iPad = "UIInterfaceOrientationPortrait UIInterfaceOrientationPortraitUpsideDown UIInterfaceOrientationLandscapeLeft UIInterfaceOrientationLandscapeRight";
				INFOPLIST_KEY_UISupportedInterfaceOrientations_iPhone = "UIInterfaceOrientationPortrait UIInterfaceOrientationLandscapeLeft UIInterfaceOrientationLandscapeRight";
				IPHONEOS_DEPLOYMENT_TARGET = 14.0;
				LD_RUNPATH_SEARCH_PATHS = (
					"$(inherited)",
					"@executable_path/Frameworks",
				);
				MARKETING_VERSION = 1.0;
				PRODUCT_BUNDLE_IDENTIFIER = "angel.SwiftUI-KittyNotepad";
				PRODUCT_NAME = "$(TARGET_NAME)";
				SWIFT_EMIT_LOC_STRINGS = YES;
				SWIFT_VERSION = 5.0;
				TARGETED_DEVICE_FAMILY = "1,2";
			};
			name = Debug;
		};
		48F83E38275867DA00B1039E /* Release */ = {
			isa = XCBuildConfiguration;
			buildSettings = {
				ASSETCATALOG_COMPILER_APPICON_NAME = AppIcon;
				ASSETCATALOG_COMPILER_GLOBAL_ACCENT_COLOR_NAME = AccentColor;
				CODE_SIGN_STYLE = Automatic;
				CURRENT_PROJECT_VERSION = 1;
				DEVELOPMENT_ASSET_PATHS = "\"SwiftUI_KittyNotepad/Preview Content\"";
				ENABLE_PREVIEWS = YES;
				GENERATE_INFOPLIST_FILE = YES;
				INFOPLIST_KEY_UIApplicationSceneManifest_Generation = YES;
				INFOPLIST_KEY_UIApplicationSupportsIndirectInputEvents = YES;
				INFOPLIST_KEY_UILaunchScreen_Generation = YES;
				INFOPLIST_KEY_UISupportedInterfaceOrientations_iPad = "UIInterfaceOrientationPortrait UIInterfaceOrientationPortraitUpsideDown UIInterfaceOrientationLandscapeLeft UIInterfaceOrientationLandscapeRight";
				INFOPLIST_KEY_UISupportedInterfaceOrientations_iPhone = "UIInterfaceOrientationPortrait UIInterfaceOrientationLandscapeLeft UIInterfaceOrientationLandscapeRight";
				IPHONEOS_DEPLOYMENT_TARGET = 14.0;
				LD_RUNPATH_SEARCH_PATHS = (
					"$(inherited)",
					"@executable_path/Frameworks",
				);
				MARKETING_VERSION = 1.0;
				PRODUCT_BUNDLE_IDENTIFIER = "angel.SwiftUI-KittyNotepad";
				PRODUCT_NAME = "$(TARGET_NAME)";
				SWIFT_EMIT_LOC_STRINGS = YES;
				SWIFT_VERSION = 5.0;
				TARGETED_DEVICE_FAMILY = "1,2";
			};
			name = Release;
		};
		48F83E3A275867DA00B1039E /* Debug */ = {
			isa = XCBuildConfiguration;
			buildSettings = {
				ALWAYS_EMBED_SWIFT_STANDARD_LIBRARIES = YES;
				BUNDLE_LOADER = "$(TEST_HOST)";
				CODE_SIGN_STYLE = Automatic;
				CURRENT_PROJECT_VERSION = 1;
				GENERATE_INFOPLIST_FILE = YES;
				IPHONEOS_DEPLOYMENT_TARGET = 14.0;
				LD_RUNPATH_SEARCH_PATHS = (
					"$(inherited)",
					"@executable_path/Frameworks",
					"@loader_path/Frameworks",
				);
				MARKETING_VERSION = 1.0;
				PRODUCT_BUNDLE_IDENTIFIER = "angel.SwiftUI-KittyNotepadTests";
				PRODUCT_NAME = "$(TARGET_NAME)";
				SWIFT_EMIT_LOC_STRINGS = NO;
				SWIFT_VERSION = 5.0;
				TARGETED_DEVICE_FAMILY = "1,2";
				TEST_HOST = "$(BUILT_PRODUCTS_DIR)/SwiftUI_KittyNotepad.app/SwiftUI_KittyNotepad";
			};
			name = Debug;
		};
		48F83E3B275867DA00B1039E /* Release */ = {
			isa = XCBuildConfiguration;
			buildSettings = {
				ALWAYS_EMBED_SWIFT_STANDARD_LIBRARIES = YES;
				BUNDLE_LOADER = "$(TEST_HOST)";
				CODE_SIGN_STYLE = Automatic;
				CURRENT_PROJECT_VERSION = 1;
				GENERATE_INFOPLIST_FILE = YES;
				IPHONEOS_DEPLOYMENT_TARGET = 14.0;
				LD_RUNPATH_SEARCH_PATHS = (
					"$(inherited)",
					"@executable_path/Frameworks",
					"@loader_path/Frameworks",
				);
				MARKETING_VERSION = 1.0;
				PRODUCT_BUNDLE_IDENTIFIER = "angel.SwiftUI-KittyNotepadTests";
				PRODUCT_NAME = "$(TARGET_NAME)";
				SWIFT_EMIT_LOC_STRINGS = NO;
				SWIFT_VERSION = 5.0;
				TARGETED_DEVICE_FAMILY = "1,2";
				TEST_HOST = "$(BUILT_PRODUCTS_DIR)/SwiftUI_KittyNotepad.app/SwiftUI_KittyNotepad";
			};
			name = Release;
		};
		48F83E3D275867DA00B1039E /* Debug */ = {
			isa = XCBuildConfiguration;
			buildSettings = {
				ALWAYS_EMBED_SWIFT_STANDARD_LIBRARIES = YES;
				CODE_SIGN_STYLE = Automatic;
				CURRENT_PROJECT_VERSION = 1;
				GENERATE_INFOPLIST_FILE = YES;
				LD_RUNPATH_SEARCH_PATHS = (
					"$(inherited)",
					"@executable_path/Frameworks",
					"@loader_path/Frameworks",
				);
				MARKETING_VERSION = 1.0;
				PRODUCT_BUNDLE_IDENTIFIER = "angel.SwiftUI-KittyNotepadUITests";
				PRODUCT_NAME = "$(TARGET_NAME)";
				SWIFT_EMIT_LOC_STRINGS = NO;
				SWIFT_VERSION = 5.0;
				TARGETED_DEVICE_FAMILY = "1,2";
				TEST_TARGET_NAME = SwiftUI_KittyNotepad;
			};
			name = Debug;
		};
		48F83E3E275867DA00B1039E /* Release */ = {
			isa = XCBuildConfiguration;
			buildSettings = {
				ALWAYS_EMBED_SWIFT_STANDARD_LIBRARIES = YES;
				CODE_SIGN_STYLE = Automatic;
				CURRENT_PROJECT_VERSION = 1;
				GENERATE_INFOPLIST_FILE = YES;
				LD_RUNPATH_SEARCH_PATHS = (
					"$(inherited)",
					"@executable_path/Frameworks",
					"@loader_path/Frameworks",
				);
				MARKETING_VERSION = 1.0;
				PRODUCT_BUNDLE_IDENTIFIER = "angel.SwiftUI-KittyNotepadUITests";
				PRODUCT_NAME = "$(TARGET_NAME)";
				SWIFT_EMIT_LOC_STRINGS = NO;
				SWIFT_VERSION = 5.0;
				TARGETED_DEVICE_FAMILY = "1,2";
				TEST_TARGET_NAME = SwiftUI_KittyNotepad;
			};
			name = Release;
		};
/* End XCBuildConfiguration section */

/* Begin XCConfigurationList section */
		48F83E0D275867D600B1039E /* Build configuration list for PBXProject "SwiftUI_KittyNotepad" */ = {
			isa = XCConfigurationList;
			buildConfigurations = (
				48F83E34275867DA00B1039E /* Debug */,
				48F83E35275867DA00B1039E /* Release */,
			);
			defaultConfigurationIsVisible = 0;
			defaultConfigurationName = Release;
		};
		48F83E36275867DA00B1039E /* Build configuration list for PBXNativeTarget "SwiftUI_KittyNotepad" */ = {
			isa = XCConfigurationList;
			buildConfigurations = (
				48F83E37275867DA00B1039E /* Debug */,
				48F83E38275867DA00B1039E /* Release */,
			);
			defaultConfigurationIsVisible = 0;
			defaultConfigurationName = Release;
		};
		48F83E39275867DA00B1039E /* Build configuration list for PBXNativeTarget "SwiftUI_KittyNotepadTests" */ = {
			isa = XCConfigurationList;
			buildConfigurations = (
				48F83E3A275867DA00B1039E /* Debug */,
				48F83E3B275867DA00B1039E /* Release */,
			);
			defaultConfigurationIsVisible = 0;
			defaultConfigurationName = Release;
		};
		48F83E3C275867DA00B1039E /* Build configuration list for PBXNativeTarget "SwiftUI_KittyNotepadUITests" */ = {
			isa = XCConfigurationList;
			buildConfigurations = (
				48F83E3D275867DA00B1039E /* Debug */,
				48F83E3E275867DA00B1039E /* Release */,
			);
			defaultConfigurationIsVisible = 0;
			defaultConfigurationName = Release;
		};
/* End XCConfigurationList section */
	};
	rootObject = 48F83E0A275867D600B1039E /* Project object */;
}
